// !$*UTF8*$!
{
	archiveVersion = 1;
	classes = {
	};
	objectVersion = 56;
	objects = {

/* Begin PBXBuildFile section */
		7B2B31302A7560CE0079176A /* AppDelegate.swift in Sources */ = {isa = PBXBuildFile; fileRef = 7B2B312F2A7560CE0079176A /* AppDelegate.swift */; };
		7B2B31322A7560CE0079176A /* SceneDelegate.swift in Sources */ = {isa = PBXBuildFile; fileRef = 7B2B31312A7560CE0079176A /* SceneDelegate.swift */; };
		7B2B31392A7560D00079176A /* Assets.xcassets in Resources */ = {isa = PBXBuildFile; fileRef = 7B2B31382A7560D00079176A /* Assets.xcassets */; };
		7B2B313C2A7560D00079176A /* LaunchScreen.storyboard in Resources */ = {isa = PBXBuildFile; fileRef = 7B2B313A2A7560D00079176A /* LaunchScreen.storyboard */; };
		7B2B314A2A7561920079176A /* HomeViewController.swift in Sources */ = {isa = PBXBuildFile; fileRef = 7B2B31482A7561920079176A /* HomeViewController.swift */; };
		7B2B314B2A7561920079176A /* HomeViewController.xib in Resources */ = {isa = PBXBuildFile; fileRef = 7B2B31492A7561920079176A /* HomeViewController.xib */; };
		7B2B31502A7562250079176A /* HomeBuilder.swift in Sources */ = {isa = PBXBuildFile; fileRef = 7B2B314F2A7562250079176A /* HomeBuilder.swift */; };
		7B2B31522A75622C0079176A /* HomeViewModel.swift in Sources */ = {isa = PBXBuildFile; fileRef = 7B2B31512A75622C0079176A /* HomeViewModel.swift */; };
		7B2B31552A75630E0079176A /* Constants.swift in Sources */ = {isa = PBXBuildFile; fileRef = 7B2B31542A75630E0079176A /* Constants.swift */; };
		7B2B31582A7563300079176A /* API.swift in Sources */ = {isa = PBXBuildFile; fileRef = 7B2B31572A7563300079176A /* API.swift */; };
		7B2B315D2A7563630079176A /* String+Extension.swift in Sources */ = {isa = PBXBuildFile; fileRef = 7B2B315A2A7563620079176A /* String+Extension.swift */; };
		7B2B315E2A7563630079176A /* UIImageView+Extensions.swift in Sources */ = {isa = PBXBuildFile; fileRef = 7B2B315B2A7563620079176A /* UIImageView+Extensions.swift */; };
		7B2B315F2A7563630079176A /* UIView+Extension.swift in Sources */ = {isa = PBXBuildFile; fileRef = 7B2B315C2A7563630079176A /* UIView+Extension.swift */; };
		7B2B31642A75640E0079176A /* SectionHeaderReusableView.swift in Sources */ = {isa = PBXBuildFile; fileRef = 7B2B31632A75640E0079176A /* SectionHeaderReusableView.swift */; };
		7B2B31662A7564200079176A /* Section.swift in Sources */ = {isa = PBXBuildFile; fileRef = 7B2B31652A7564200079176A /* Section.swift */; };
		7B2B31682A7564340079176A /* HomeCollectionViewCell.swift in Sources */ = {isa = PBXBuildFile; fileRef = 7B2B31672A7564340079176A /* HomeCollectionViewCell.swift */; };
		7B2B316F2A7564BA0079176A /* SearchResponseModel.swift in Sources */ = {isa = PBXBuildFile; fileRef = 7B2B316B2A7564BA0079176A /* SearchResponseModel.swift */; };
		7B2B317D2A7566040079176A /* RequestMethod.swift in Sources */ = {isa = PBXBuildFile; fileRef = 7B2B31752A7566040079176A /* RequestMethod.swift */; };
		7B2B317E2A7566040079176A /* ApiError.swift in Sources */ = {isa = PBXBuildFile; fileRef = 7B2B31772A7566040079176A /* ApiError.swift */; };
		7B2B317F2A7566040079176A /* NetworkManager.swift in Sources */ = {isa = PBXBuildFile; fileRef = 7B2B31782A7566040079176A /* NetworkManager.swift */; };
		7B2B31802A7566040079176A /* LoadingManager.swift in Sources */ = {isa = PBXBuildFile; fileRef = 7B2B317A2A7566040079176A /* LoadingManager.swift */; };
		7B2B31812A7566040079176A /* AlertManager.swift in Sources */ = {isa = PBXBuildFile; fileRef = 7B2B317C2A7566040079176A /* AlertManager.swift */; };
		7B2B31832A75661E0079176A /* RequestModel.swift in Sources */ = {isa = PBXBuildFile; fileRef = 7B2B31822A75661E0079176A /* RequestModel.swift */; };
		7B2B31862A75662C0079176A /* SearchRequestModel.swift in Sources */ = {isa = PBXBuildFile; fileRef = 7B2B31852A75662C0079176A /* SearchRequestModel.swift */; };
		7B2B318B2A75664D0079176A /* SearchAPI.swift in Sources */ = {isa = PBXBuildFile; fileRef = 7B2B318A2A75664D0079176A /* SearchAPI.swift */; };
/* End PBXBuildFile section */

/* Begin PBXFileReference section */
		7B2B312C2A7560CE0079176A /* iTunes-Search.app */ = {isa = PBXFileReference; explicitFileType = wrapper.application; includeInIndex = 0; path = "iTunes-Search.app"; sourceTree = BUILT_PRODUCTS_DIR; };
		7B2B312F2A7560CE0079176A /* AppDelegate.swift */ = {isa = PBXFileReference; lastKnownFileType = sourcecode.swift; path = AppDelegate.swift; sourceTree = "<group>"; };
		7B2B31312A7560CE0079176A /* SceneDelegate.swift */ = {isa = PBXFileReference; lastKnownFileType = sourcecode.swift; path = SceneDelegate.swift; sourceTree = "<group>"; };
		7B2B31382A7560D00079176A /* Assets.xcassets */ = {isa = PBXFileReference; lastKnownFileType = folder.assetcatalog; path = Assets.xcassets; sourceTree = "<group>"; };
		7B2B313B2A7560D00079176A /* Base */ = {isa = PBXFileReference; lastKnownFileType = file.storyboard; name = Base; path = Base.lproj/LaunchScreen.storyboard; sourceTree = "<group>"; };
		7B2B313D2A7560D00079176A /* Info.plist */ = {isa = PBXFileReference; lastKnownFileType = text.plist.xml; path = Info.plist; sourceTree = "<group>"; };
		7B2B31482A7561920079176A /* HomeViewController.swift */ = {isa = PBXFileReference; lastKnownFileType = sourcecode.swift; path = HomeViewController.swift; sourceTree = "<group>"; };
		7B2B31492A7561920079176A /* HomeViewController.xib */ = {isa = PBXFileReference; lastKnownFileType = file.xib; path = HomeViewController.xib; sourceTree = "<group>"; };
		7B2B314F2A7562250079176A /* HomeBuilder.swift */ = {isa = PBXFileReference; lastKnownFileType = sourcecode.swift; path = HomeBuilder.swift; sourceTree = "<group>"; };
		7B2B31512A75622C0079176A /* HomeViewModel.swift */ = {isa = PBXFileReference; lastKnownFileType = sourcecode.swift; path = HomeViewModel.swift; sourceTree = "<group>"; };
		7B2B31542A75630E0079176A /* Constants.swift */ = {isa = PBXFileReference; lastKnownFileType = sourcecode.swift; path = Constants.swift; sourceTree = "<group>"; };
		7B2B31572A7563300079176A /* API.swift */ = {isa = PBXFileReference; lastKnownFileType = sourcecode.swift; path = API.swift; sourceTree = "<group>"; };
		7B2B315A2A7563620079176A /* String+Extension.swift */ = {isa = PBXFileReference; fileEncoding = 4; lastKnownFileType = sourcecode.swift; path = "String+Extension.swift"; sourceTree = "<group>"; };
		7B2B315B2A7563620079176A /* UIImageView+Extensions.swift */ = {isa = PBXFileReference; fileEncoding = 4; lastKnownFileType = sourcecode.swift; path = "UIImageView+Extensions.swift"; sourceTree = "<group>"; };
		7B2B315C2A7563630079176A /* UIView+Extension.swift */ = {isa = PBXFileReference; fileEncoding = 4; lastKnownFileType = sourcecode.swift; path = "UIView+Extension.swift"; sourceTree = "<group>"; };
		7B2B31632A75640E0079176A /* SectionHeaderReusableView.swift */ = {isa = PBXFileReference; lastKnownFileType = sourcecode.swift; path = SectionHeaderReusableView.swift; sourceTree = "<group>"; };
		7B2B31652A7564200079176A /* Section.swift */ = {isa = PBXFileReference; lastKnownFileType = sourcecode.swift; path = Section.swift; sourceTree = "<group>"; };
		7B2B31672A7564340079176A /* HomeCollectionViewCell.swift */ = {isa = PBXFileReference; lastKnownFileType = sourcecode.swift; path = HomeCollectionViewCell.swift; sourceTree = "<group>"; };
		7B2B316B2A7564BA0079176A /* SearchResponseModel.swift */ = {isa = PBXFileReference; fileEncoding = 4; lastKnownFileType = sourcecode.swift; path = SearchResponseModel.swift; sourceTree = "<group>"; };
		7B2B31752A7566040079176A /* RequestMethod.swift */ = {isa = PBXFileReference; fileEncoding = 4; lastKnownFileType = sourcecode.swift; path = RequestMethod.swift; sourceTree = "<group>"; };
		7B2B31772A7566040079176A /* ApiError.swift */ = {isa = PBXFileReference; fileEncoding = 4; lastKnownFileType = sourcecode.swift; path = ApiError.swift; sourceTree = "<group>"; };
		7B2B31782A7566040079176A /* NetworkManager.swift */ = {isa = PBXFileReference; fileEncoding = 4; lastKnownFileType = sourcecode.swift; path = NetworkManager.swift; sourceTree = "<group>"; };
		7B2B317A2A7566040079176A /* LoadingManager.swift */ = {isa = PBXFileReference; fileEncoding = 4; lastKnownFileType = sourcecode.swift; path = LoadingManager.swift; sourceTree = "<group>"; };
		7B2B317C2A7566040079176A /* AlertManager.swift */ = {isa = PBXFileReference; fileEncoding = 4; lastKnownFileType = sourcecode.swift; path = AlertManager.swift; sourceTree = "<group>"; };
		7B2B31822A75661E0079176A /* RequestModel.swift */ = {isa = PBXFileReference; fileEncoding = 4; lastKnownFileType = sourcecode.swift; path = RequestModel.swift; sourceTree = "<group>"; };
		7B2B31852A75662C0079176A /* SearchRequestModel.swift */ = {isa = PBXFileReference; fileEncoding = 4; lastKnownFileType = sourcecode.swift; path = SearchRequestModel.swift; sourceTree = "<group>"; };
		7B2B318A2A75664D0079176A /* SearchAPI.swift */ = {isa = PBXFileReference; fileEncoding = 4; lastKnownFileType = sourcecode.swift; path = SearchAPI.swift; sourceTree = "<group>"; };
/* End PBXFileReference section */

/* Begin PBXFrameworksBuildPhase section */
		7B2B31292A7560CE0079176A /* Frameworks */ = {
			isa = PBXFrameworksBuildPhase;
			buildActionMask = 2147483647;
			files = (
			);
			runOnlyForDeploymentPostprocessing = 0;
		};
/* End PBXFrameworksBuildPhase section */

/* Begin PBXGroup section */
		7B2B31232A7560CE0079176A = {
			isa = PBXGroup;
			children = (
				7B2B312E2A7560CE0079176A /* iTunes-Search */,
				7B2B312D2A7560CE0079176A /* Products */,
			);
			sourceTree = "<group>";
		};
		7B2B312D2A7560CE0079176A /* Products */ = {
			isa = PBXGroup;
			children = (
				7B2B312C2A7560CE0079176A /* iTunes-Search.app */,
			);
			name = Products;
			sourceTree = "<group>";
		};
		7B2B312E2A7560CE0079176A /* iTunes-Search */ = {
			isa = PBXGroup;
			children = (
				7B2B31432A7560DA0079176A /* App */,
				7B2B31692A7564BA0079176A /* Models */,
				7B2B31722A7566040079176A /* Managers */,
				7B2B31452A7561030079176A /* Modules */,
				7B2B31872A75664D0079176A /* Network */,
				7B2B31442A7560E10079176A /* Resources */,
				7B2B31532A7562FF0079176A /* Utils */,
			);
			path = "iTunes-Search";
			sourceTree = "<group>";
		};
		7B2B31432A7560DA0079176A /* App */ = {
			isa = PBXGroup;
			children = (
				7B2B312F2A7560CE0079176A /* AppDelegate.swift */,
				7B2B31312A7560CE0079176A /* SceneDelegate.swift */,
				7B2B313D2A7560D00079176A /* Info.plist */,
			);
			path = App;
			sourceTree = "<group>";
		};
		7B2B31442A7560E10079176A /* Resources */ = {
			isa = PBXGroup;
			children = (
				7B2B31382A7560D00079176A /* Assets.xcassets */,
			);
			path = Resources;
			sourceTree = "<group>";
		};
		7B2B31452A7561030079176A /* Modules */ = {
			isa = PBXGroup;
			children = (
				7B2B31462A75610E0079176A /* Home */,
				7B2B31472A7561190079176A /* LaunchScreen */,
			);
			path = Modules;
			sourceTree = "<group>";
		};
		7B2B31462A75610E0079176A /* Home */ = {
			isa = PBXGroup;
			children = (
				7B2B314E2A7562160079176A /* Builder */,
				7B2B314C2A7562010079176A /* View */,
				7B2B314D2A7562100079176A /* ViewModel */,
			);
			path = Home;
			sourceTree = "<group>";
		};
		7B2B31472A7561190079176A /* LaunchScreen */ = {
			isa = PBXGroup;
			children = (
				7B2B313A2A7560D00079176A /* LaunchScreen.storyboard */,
			);
			path = LaunchScreen;
			sourceTree = "<group>";
		};
		7B2B314C2A7562010079176A /* View */ = {
			isa = PBXGroup;
			children = (
				7B2B31602A7563E70079176A /* HomeViewController */,
				7B2B31612A7563EF0079176A /* HomeCollectionViewCell */,
				7B2B31622A7564030079176A /* SectionHeaderReusableView */,
			);
			path = View;
			sourceTree = "<group>";
		};
		7B2B314D2A7562100079176A /* ViewModel */ = {
			isa = PBXGroup;
			children = (
				7B2B31512A75622C0079176A /* HomeViewModel.swift */,
			);
			path = ViewModel;
			sourceTree = "<group>";
		};
		7B2B314E2A7562160079176A /* Builder */ = {
			isa = PBXGroup;
			children = (
				7B2B314F2A7562250079176A /* HomeBuilder.swift */,
			);
			path = Builder;
			sourceTree = "<group>";
		};
		7B2B31532A7562FF0079176A /* Utils */ = {
			isa = PBXGroup;
			children = (
				7B2B31562A7563100079176A /* Constants */,
				7B2B31592A7563490079176A /* Extensions */,
			);
			path = Utils;
			sourceTree = "<group>";
		};
		7B2B31562A7563100079176A /* Constants */ = {
			isa = PBXGroup;
			children = (
				7B2B31542A75630E0079176A /* Constants.swift */,
				7B2B31572A7563300079176A /* API.swift */,
			);
			path = Constants;
			sourceTree = "<group>";
		};
		7B2B31592A7563490079176A /* Extensions */ = {
			isa = PBXGroup;
			children = (
				7B2B315A2A7563620079176A /* String+Extension.swift */,
				7B2B315B2A7563620079176A /* UIImageView+Extensions.swift */,
				7B2B315C2A7563630079176A /* UIView+Extension.swift */,
			);
			path = Extensions;
			sourceTree = "<group>";
		};
		7B2B31602A7563E70079176A /* HomeViewController */ = {
			isa = PBXGroup;
			children = (
				7B2B31482A7561920079176A /* HomeViewController.swift */,
				7B2B31492A7561920079176A /* HomeViewController.xib */,
			);
			path = HomeViewController;
			sourceTree = "<group>";
		};
		7B2B31612A7563EF0079176A /* HomeCollectionViewCell */ = {
			isa = PBXGroup;
			children = (
				7B2B31672A7564340079176A /* HomeCollectionViewCell.swift */,
			);
			path = HomeCollectionViewCell;
			sourceTree = "<group>";
		};
		7B2B31622A7564030079176A /* SectionHeaderReusableView */ = {
			isa = PBXGroup;
			children = (
				7B2B31632A75640E0079176A /* SectionHeaderReusableView.swift */,
				7B2B31652A7564200079176A /* Section.swift */,
			);
			path = SectionHeaderReusableView;
			sourceTree = "<group>";
		};
		7B2B31692A7564BA0079176A /* Models */ = {
			isa = PBXGroup;
			children = (
				7B2B31822A75661E0079176A /* RequestModel.swift */,
				7B2B316A2A7564BA0079176A /* Response */,
				7B2B31842A75662C0079176A /* Request */,
			);
			path = Models;
			sourceTree = "<group>";
		};
		7B2B316A2A7564BA0079176A /* Response */ = {
			isa = PBXGroup;
			children = (
				7B2B316B2A7564BA0079176A /* SearchResponseModel.swift */,
			);
			path = Response;
			sourceTree = "<group>";
		};
		7B2B31722A7566040079176A /* Managers */ = {
			isa = PBXGroup;
			children = (
				7B2B31732A7566040079176A /* NetworkManager */,
				7B2B31792A7566040079176A /* LoadingManager */,
				7B2B317B2A7566040079176A /* AlertManager */,
			);
			path = Managers;
			sourceTree = "<group>";
		};
		7B2B31732A7566040079176A /* NetworkManager */ = {
			isa = PBXGroup;
			children = (
				7B2B31742A7566040079176A /* RequestMethod */,
				7B2B31762A7566040079176A /* ApiError */,
				7B2B31782A7566040079176A /* NetworkManager.swift */,
			);
			path = NetworkManager;
			sourceTree = "<group>";
		};
		7B2B31742A7566040079176A /* RequestMethod */ = {
			isa = PBXGroup;
			children = (
				7B2B31752A7566040079176A /* RequestMethod.swift */,
			);
			path = RequestMethod;
			sourceTree = "<group>";
		};
		7B2B31762A7566040079176A /* ApiError */ = {
			isa = PBXGroup;
			children = (
				7B2B31772A7566040079176A /* ApiError.swift */,
			);
			path = ApiError;
			sourceTree = "<group>";
		};
		7B2B31792A7566040079176A /* LoadingManager */ = {
			isa = PBXGroup;
			children = (
				7B2B317A2A7566040079176A /* LoadingManager.swift */,
			);
			path = LoadingManager;
			sourceTree = "<group>";
		};
		7B2B317B2A7566040079176A /* AlertManager */ = {
			isa = PBXGroup;
			children = (
				7B2B317C2A7566040079176A /* AlertManager.swift */,
			);
			path = AlertManager;
			sourceTree = "<group>";
		};
		7B2B31842A75662C0079176A /* Request */ = {
			isa = PBXGroup;
			children = (
				7B2B31852A75662C0079176A /* SearchRequestModel.swift */,
			);
			path = Request;
			sourceTree = "<group>";
		};
		7B2B31872A75664D0079176A /* Network */ = {
			isa = PBXGroup;
			children = (
				7B2B31882A75664D0079176A /* APIs */,
			);
			path = Network;
			sourceTree = "<group>";
		};
		7B2B31882A75664D0079176A /* APIs */ = {
			isa = PBXGroup;
			children = (
				7B2B31892A75664D0079176A /* Search */,
			);
			path = APIs;
			sourceTree = "<group>";
		};
		7B2B31892A75664D0079176A /* Search */ = {
			isa = PBXGroup;
			children = (
				7B2B318A2A75664D0079176A /* SearchAPI.swift */,
			);
			path = Search;
			sourceTree = "<group>";
		};
/* End PBXGroup section */

/* Begin PBXNativeTarget section */
		7B2B312B2A7560CE0079176A /* iTunes-Search */ = {
			isa = PBXNativeTarget;
			buildConfigurationList = 7B2B31402A7560D00079176A /* Build configuration list for PBXNativeTarget "iTunes-Search" */;
			buildPhases = (
				7B2B31282A7560CE0079176A /* Sources */,
				7B2B31292A7560CE0079176A /* Frameworks */,
				7B2B312A2A7560CE0079176A /* Resources */,
			);
			buildRules = (
			);
			dependencies = (
			);
			name = "iTunes-Search";
			productName = "iTunes-Search";
			productReference = 7B2B312C2A7560CE0079176A /* iTunes-Search.app */;
			productType = "com.apple.product-type.application";
		};
/* End PBXNativeTarget section */

/* Begin PBXProject section */
		7B2B31242A7560CE0079176A /* Project object */ = {
			isa = PBXProject;
			attributes = {
				BuildIndependentTargetsInParallel = 1;
				LastSwiftUpdateCheck = 1430;
				LastUpgradeCheck = 1430;
				TargetAttributes = {
					7B2B312B2A7560CE0079176A = {
						CreatedOnToolsVersion = 14.3.1;
					};
				};
			};
			buildConfigurationList = 7B2B31272A7560CE0079176A /* Build configuration list for PBXProject "iTunes-Search" */;
			compatibilityVersion = "Xcode 14.0";
			developmentRegion = en;
			hasScannedForEncodings = 0;
			knownRegions = (
				en,
				Base,
			);
			mainGroup = 7B2B31232A7560CE0079176A;
			productRefGroup = 7B2B312D2A7560CE0079176A /* Products */;
			projectDirPath = "";
			projectRoot = "";
			targets = (
				7B2B312B2A7560CE0079176A /* iTunes-Search */,
			);
		};
/* End PBXProject section */

/* Begin PBXResourcesBuildPhase section */
		7B2B312A2A7560CE0079176A /* Resources */ = {
			isa = PBXResourcesBuildPhase;
			buildActionMask = 2147483647;
			files = (
				7B2B313C2A7560D00079176A /* LaunchScreen.storyboard in Resources */,
				7B2B31392A7560D00079176A /* Assets.xcassets in Resources */,
				7B2B314B2A7561920079176A /* HomeViewController.xib in Resources */,
			);
			runOnlyForDeploymentPostprocessing = 0;
		};
/* End PBXResourcesBuildPhase section */

/* Begin PBXSourcesBuildPhase section */
		7B2B31282A7560CE0079176A /* Sources */ = {
			isa = PBXSourcesBuildPhase;
			buildActionMask = 2147483647;
			files = (
				7B2B318B2A75664D0079176A /* SearchAPI.swift in Sources */,
				7B2B315D2A7563630079176A /* String+Extension.swift in Sources */,
				7B2B31502A7562250079176A /* HomeBuilder.swift in Sources */,
				7B2B31802A7566040079176A /* LoadingManager.swift in Sources */,
				7B2B31302A7560CE0079176A /* AppDelegate.swift in Sources */,
				7B2B31642A75640E0079176A /* SectionHeaderReusableView.swift in Sources */,
				7B2B315E2A7563630079176A /* UIImageView+Extensions.swift in Sources */,
				7B2B31682A7564340079176A /* HomeCollectionViewCell.swift in Sources */,
				7B2B31322A7560CE0079176A /* SceneDelegate.swift in Sources */,
				7B2B31522A75622C0079176A /* HomeViewModel.swift in Sources */,
				7B2B31862A75662C0079176A /* SearchRequestModel.swift in Sources */,
				7B2B31812A7566040079176A /* AlertManager.swift in Sources */,
				7B2B314A2A7561920079176A /* HomeViewController.swift in Sources */,
				7B2B31552A75630E0079176A /* Constants.swift in Sources */,
				7B2B317F2A7566040079176A /* NetworkManager.swift in Sources */,
				7B2B316F2A7564BA0079176A /* SearchResponseModel.swift in Sources */,
				7B2B31662A7564200079176A /* Section.swift in Sources */,
				7B2B31832A75661E0079176A /* RequestModel.swift in Sources */,
				7B2B315F2A7563630079176A /* UIView+Extension.swift in Sources */,
				7B2B317E2A7566040079176A /* ApiError.swift in Sources */,
				7B2B317D2A7566040079176A /* RequestMethod.swift in Sources */,
				7B2B31582A7563300079176A /* API.swift in Sources */,
			);
			runOnlyForDeploymentPostprocessing = 0;
		};
/* End PBXSourcesBuildPhase section */

/* Begin PBXVariantGroup section */
		7B2B313A2A7560D00079176A /* LaunchScreen.storyboard */ = {
			isa = PBXVariantGroup;
			children = (
				7B2B313B2A7560D00079176A /* Base */,
			);
			name = LaunchScreen.storyboard;
			sourceTree = "<group>";
		};
/* End PBXVariantGroup section */

/* Begin XCBuildConfiguration section */
		7B2B313E2A7560D00079176A /* Debug */ = {
			isa = XCBuildConfiguration;
			buildSettings = {
				ALWAYS_SEARCH_USER_PATHS = NO;
				CLANG_ANALYZER_NONNULL = YES;
				CLANG_ANALYZER_NUMBER_OBJECT_CONVERSION = YES_AGGRESSIVE;
				CLANG_CXX_LANGUAGE_STANDARD = "gnu++20";
				CLANG_ENABLE_MODULES = YES;
				CLANG_ENABLE_OBJC_ARC = YES;
				CLANG_ENABLE_OBJC_WEAK = YES;
				CLANG_WARN_BLOCK_CAPTURE_AUTORELEASING = YES;
				CLANG_WARN_BOOL_CONVERSION = YES;
				CLANG_WARN_COMMA = YES;
				CLANG_WARN_CONSTANT_CONVERSION = YES;
				CLANG_WARN_DEPRECATED_OBJC_IMPLEMENTATIONS = YES;
				CLANG_WARN_DIRECT_OBJC_ISA_USAGE = YES_ERROR;
				CLANG_WARN_DOCUMENTATION_COMMENTS = YES;
				CLANG_WARN_EMPTY_BODY = YES;
				CLANG_WARN_ENUM_CONVERSION = YES;
				CLANG_WARN_INFINITE_RECURSION = YES;
				CLANG_WARN_INT_CONVERSION = YES;
				CLANG_WARN_NON_LITERAL_NULL_CONVERSION = YES;
				CLANG_WARN_OBJC_IMPLICIT_RETAIN_SELF = YES;
				CLANG_WARN_OBJC_LITERAL_CONVERSION = YES;
				CLANG_WARN_OBJC_ROOT_CLASS = YES_ERROR;
				CLANG_WARN_QUOTED_INCLUDE_IN_FRAMEWORK_HEADER = YES;
				CLANG_WARN_RANGE_LOOP_ANALYSIS = YES;
				CLANG_WARN_STRICT_PROTOTYPES = YES;
				CLANG_WARN_SUSPICIOUS_MOVE = YES;
				CLANG_WARN_UNGUARDED_AVAILABILITY = YES_AGGRESSIVE;
				CLANG_WARN_UNREACHABLE_CODE = YES;
				CLANG_WARN__DUPLICATE_METHOD_MATCH = YES;
				COPY_PHASE_STRIP = NO;
				DEBUG_INFORMATION_FORMAT = dwarf;
				ENABLE_STRICT_OBJC_MSGSEND = YES;
				ENABLE_TESTABILITY = YES;
				GCC_C_LANGUAGE_STANDARD = gnu11;
				GCC_DYNAMIC_NO_PIC = NO;
				GCC_NO_COMMON_BLOCKS = YES;
				GCC_OPTIMIZATION_LEVEL = 0;
				GCC_PREPROCESSOR_DEFINITIONS = (
					"DEBUG=1",
					"$(inherited)",
				);
				GCC_WARN_64_TO_32_BIT_CONVERSION = YES;
				GCC_WARN_ABOUT_RETURN_TYPE = YES_ERROR;
				GCC_WARN_UNDECLARED_SELECTOR = YES;
				GCC_WARN_UNINITIALIZED_AUTOS = YES_AGGRESSIVE;
				GCC_WARN_UNUSED_FUNCTION = YES;
				GCC_WARN_UNUSED_VARIABLE = YES;
				IPHONEOS_DEPLOYMENT_TARGET = 16.4;
				MTL_ENABLE_DEBUG_INFO = INCLUDE_SOURCE;
				MTL_FAST_MATH = YES;
				ONLY_ACTIVE_ARCH = YES;
				SDKROOT = iphoneos;
				SWIFT_ACTIVE_COMPILATION_CONDITIONS = DEBUG;
				SWIFT_OPTIMIZATION_LEVEL = "-Onone";
			};
			name = Debug;
		};
		7B2B313F2A7560D00079176A /* Release */ = {
			isa = XCBuildConfiguration;
			buildSettings = {
				ALWAYS_SEARCH_USER_PATHS = NO;
				CLANG_ANALYZER_NONNULL = YES;
				CLANG_ANALYZER_NUMBER_OBJECT_CONVERSION = YES_AGGRESSIVE;
				CLANG_CXX_LANGUAGE_STANDARD = "gnu++20";
				CLANG_ENABLE_MODULES = YES;
				CLANG_ENABLE_OBJC_ARC = YES;
				CLANG_ENABLE_OBJC_WEAK = YES;
				CLANG_WARN_BLOCK_CAPTURE_AUTORELEASING = YES;
				CLANG_WARN_BOOL_CONVERSION = YES;
				CLANG_WARN_COMMA = YES;
				CLANG_WARN_CONSTANT_CONVERSION = YES;
				CLANG_WARN_DEPRECATED_OBJC_IMPLEMENTATIONS = YES;
				CLANG_WARN_DIRECT_OBJC_ISA_USAGE = YES_ERROR;
				CLANG_WARN_DOCUMENTATION_COMMENTS = YES;
				CLANG_WARN_EMPTY_BODY = YES;
				CLANG_WARN_ENUM_CONVERSION = YES;
				CLANG_WARN_INFINITE_RECURSION = YES;
				CLANG_WARN_INT_CONVERSION = YES;
				CLANG_WARN_NON_LITERAL_NULL_CONVERSION = YES;
				CLANG_WARN_OBJC_IMPLICIT_RETAIN_SELF = YES;
				CLANG_WARN_OBJC_LITERAL_CONVERSION = YES;
				CLANG_WARN_OBJC_ROOT_CLASS = YES_ERROR;
				CLANG_WARN_QUOTED_INCLUDE_IN_FRAMEWORK_HEADER = YES;
				CLANG_WARN_RANGE_LOOP_ANALYSIS = YES;
				CLANG_WARN_STRICT_PROTOTYPES = YES;
				CLANG_WARN_SUSPICIOUS_MOVE = YES;
				CLANG_WARN_UNGUARDED_AVAILABILITY = YES_AGGRESSIVE;
				CLANG_WARN_UNREACHABLE_CODE = YES;
				CLANG_WARN__DUPLICATE_METHOD_MATCH = YES;
				COPY_PHASE_STRIP = NO;
				DEBUG_INFORMATION_FORMAT = "dwarf-with-dsym";
				ENABLE_NS_ASSERTIONS = NO;
				ENABLE_STRICT_OBJC_MSGSEND = YES;
				GCC_C_LANGUAGE_STANDARD = gnu11;
				GCC_NO_COMMON_BLOCKS = YES;
				GCC_WARN_64_TO_32_BIT_CONVERSION = YES;
				GCC_WARN_ABOUT_RETURN_TYPE = YES_ERROR;
				GCC_WARN_UNDECLARED_SELECTOR = YES;
				GCC_WARN_UNINITIALIZED_AUTOS = YES_AGGRESSIVE;
				GCC_WARN_UNUSED_FUNCTION = YES;
				GCC_WARN_UNUSED_VARIABLE = YES;
				IPHONEOS_DEPLOYMENT_TARGET = 16.4;
				MTL_ENABLE_DEBUG_INFO = NO;
				MTL_FAST_MATH = YES;
				SDKROOT = iphoneos;
				SWIFT_COMPILATION_MODE = wholemodule;
				SWIFT_OPTIMIZATION_LEVEL = "-O";
				VALIDATE_PRODUCT = YES;
			};
			name = Release;
		};
		7B2B31412A7560D00079176A /* Debug */ = {
			isa = XCBuildConfiguration;
			buildSettings = {
				ASSETCATALOG_COMPILER_APPICON_NAME = AppIcon;
				ASSETCATALOG_COMPILER_GLOBAL_ACCENT_COLOR_NAME = AccentColor;
				CODE_SIGN_STYLE = Automatic;
				CURRENT_PROJECT_VERSION = 1;
				GENERATE_INFOPLIST_FILE = YES;
				INFOPLIST_FILE = "iTunes-Search/App/Info.plist";
				INFOPLIST_KEY_UIApplicationSupportsIndirectInputEvents = YES;
				INFOPLIST_KEY_UILaunchStoryboardName = LaunchScreen;
				INFOPLIST_KEY_UIMainStoryboardFile = "";
				INFOPLIST_KEY_UISupportedInterfaceOrientations_iPad = "UIInterfaceOrientationPortrait UIInterfaceOrientationPortraitUpsideDown UIInterfaceOrientationLandscapeLeft UIInterfaceOrientationLandscapeRight";
				INFOPLIST_KEY_UISupportedInterfaceOrientations_iPhone = "UIInterfaceOrientationPortrait UIInterfaceOrientationLandscapeLeft UIInterfaceOrientationLandscapeRight";
				LD_RUNPATH_SEARCH_PATHS = (
					"$(inherited)",
					"@executable_path/Frameworks",
				);
				MARKETING_VERSION = 1.0;
				PRODUCT_BUNDLE_IDENTIFIER = "com.iTunes-Search";
				PRODUCT_NAME = "$(TARGET_NAME)";
				SWIFT_EMIT_LOC_STRINGS = YES;
				SWIFT_VERSION = 5.0;
				TARGETED_DEVICE_FAMILY = "1,2";
			};
			name = Debug;
		};
		7B2B31422A7560D00079176A /* Release */ = {
			isa = XCBuildConfiguration;
			buildSettings = {
				ASSETCATALOG_COMPILER_APPICON_NAME = AppIcon;
				ASSETCATALOG_COMPILER_GLOBAL_ACCENT_COLOR_NAME = AccentColor;
				CODE_SIGN_STYLE = Automatic;
				CURRENT_PROJECT_VERSION = 1;
				GENERATE_INFOPLIST_FILE = YES;
				INFOPLIST_FILE = "iTunes-Search/App/Info.plist";
				INFOPLIST_KEY_UIApplicationSupportsIndirectInputEvents = YES;
				INFOPLIST_KEY_UILaunchStoryboardName = LaunchScreen;
				INFOPLIST_KEY_UIMainStoryboardFile = "";
				INFOPLIST_KEY_UISupportedInterfaceOrientations_iPad = "UIInterfaceOrientationPortrait UIInterfaceOrientationPortraitUpsideDown UIInterfaceOrientationLandscapeLeft UIInterfaceOrientationLandscapeRight";
				INFOPLIST_KEY_UISupportedInterfaceOrientations_iPhone = "UIInterfaceOrientationPortrait UIInterfaceOrientationLandscapeLeft UIInterfaceOrientationLandscapeRight";
				LD_RUNPATH_SEARCH_PATHS = (
					"$(inherited)",
					"@executable_path/Frameworks",
				);
				MARKETING_VERSION = 1.0;
				PRODUCT_BUNDLE_IDENTIFIER = "com.iTunes-Search";
				PRODUCT_NAME = "$(TARGET_NAME)";
				SWIFT_EMIT_LOC_STRINGS = YES;
				SWIFT_VERSION = 5.0;
				TARGETED_DEVICE_FAMILY = "1,2";
			};
			name = Release;
		};
/* End XCBuildConfiguration section */

/* Begin XCConfigurationList section */
		7B2B31272A7560CE0079176A /* Build configuration list for PBXProject "iTunes-Search" */ = {
			isa = XCConfigurationList;
			buildConfigurations = (
				7B2B313E2A7560D00079176A /* Debug */,
				7B2B313F2A7560D00079176A /* Release */,
			);
			defaultConfigurationIsVisible = 0;
			defaultConfigurationName = Release;
		};
		7B2B31402A7560D00079176A /* Build configuration list for PBXNativeTarget "iTunes-Search" */ = {
			isa = XCConfigurationList;
			buildConfigurations = (
				7B2B31412A7560D00079176A /* Debug */,
				7B2B31422A7560D00079176A /* Release */,
			);
			defaultConfigurationIsVisible = 0;
			defaultConfigurationName = Release;
		};
/* End XCConfigurationList section */
	};
	rootObject = 7B2B31242A7560CE0079176A /* Project object */;
}
